
Microsoft Visual Studio Solution File, Format Version 12.00
# Visual Studio Version 16
VisualStudioVersion = 16.0.30114.105
MinimumVisualStudioVersion = 10.0.40219.1
Project("{2150E333-8FDC-42A3-9474-1A3956D46DE8}") = "TimCorey", "TimCorey", "{D6B35964-5AD7-4FA3-8E21-C9D9AE19562E}"
EndProject
Project("{FAE04EC0-301F-11D3-BF4B-00C04F79EFBC}") = "MongoDbDemo", "TimCorey\MongoDbDemo\MongoDbDemo.csproj", "{CE3CC885-3B69-4B0A-94EB-FC034CD45775}"
EndProject
Global
	GlobalSection(SolutionConfigurationPlatforms) = preSolution
		Debug|Any CPU = Debug|Any CPU
		Release|Any CPU = Release|Any CPU
	EndGlobalSection
	GlobalSection(SolutionProperties) = preSolution
		HideSolutionNode = FALSE
	EndGlobalSection
	GlobalSection(ProjectConfigurationPlatforms) = postSolution
		{CE3CC885-3B69-4B0A-94EB-FC034CD45775}.Debug|Any CPU.ActiveCfg = Debug|Any CPU
		{CE3CC885-3B69-4B0A-94EB-FC034CD45775}.Debug|Any CPU.Build.0 = Debug|Any CPU
		{CE3CC885-3B69-4B0A-94EB-FC034CD45775}.Release|Any CPU.ActiveCfg = Release|Any CPU
		{CE3CC885-3B69-4B0A-94EB-FC034CD45775}.Release|Any CPU.Build.0 = Release|Any CPU
	EndGlobalSection
	GlobalSection(NestedProjects) = preSolution
		{CE3CC885-3B69-4B0A-94EB-FC034CD45775} = {D6B35964-5AD7-4FA3-8E21-C9D9AE19562E}
	EndGlobalSection
EndGlobal
